lockfileVersion: '6.0'

settings:
  autoInstallPeers: true
  excludeLinksFromLockfile: false

dependencies:
  '@minecraft/server':
    specifier: 1.10.0-beta.1.20.70-stable
    version: 1.10.0-beta.1.20.70-stable

devDependencies:
  typescript:
    specifier: ^5.4.5
    version: 5.4.5

packages:

  /@minecraft/common@1.2.0:
    resolution: {integrity: sha512-JdmEq4P3Z/FtoBzhLijFgMSVFnFRrUoLwY8DHHrgtFo0mfLTOLTB1RErYjLMsA6b7BGVNxkX/pfFRiH7QZ0XwQ==}
    dev: false

  /@minecraft/server@1.10.0-beta.1.20.70-stable:
    resolution: {integrity: sha512-LzF4F42BXeFbwdmD8CAEzMwYWtxMJUI/WFhZxyJB5nMLgjthhiTVPQ4aq0jIVyitD/w4afQ62/1xe0V7Qc6eHw==}
    dependencies:
      '@minecraft/common': 1.2.0
    dev: false

  /typescript@5.4.5:
    resolution: {integrity: sha512-vcI4UpRgg81oIRUFwR0WSIHKt11nJ7SAVlYNIu+QpqeyXP+gpQJy/Z4+F0aGxSE4MqwjyXvW/TzgkLAx2AGHwQ==}
    engines: {node: '>=14.17'}
    hasBin: true
    dev: true
